
Microsoft Visual Studio Solution File, Format Version 12.00
# Visual Studio 15
VisualStudioVersion = 15.0.27130.2027
MinimumVisualStudioVersion = 10.0.40219.1
Project("{8BC9CEB8-8B4A-11D0-8D11-00A0C91BC942}") = "openGL", "openGL\openGL.vcxproj", "{EA9D3C6E-E166-46E3-B28B-7377866B90C9}"
EndProject
Global
	GlobalSection(SolutionConfigurationPlatforms) = preSolution
		Debug|x64 = Debug|x64
		Debug|x86 = Debug|x86
		Release|x64 = Release|x64
		Release|x86 = Release|x86
	EndGlobalSection
	GlobalSection(ProjectConfigurationPlatforms) = postSolution
		{EA9D3C6E-E166-46E3-B28B-7377866B90C9}.Debug|x64.ActiveCfg = Debug|x64
		{EA9D3C6E-E166-46E3-B28B-7377866B90C9}.Debug|x64.Build.0 = Debug|x64
		{EA9D3C6E-E166-46E3-B28B-7377866B90C9}.Debug|x86.ActiveCfg = Debug|Win32
		{EA9D3C6E-E166-46E3-B28B-7377866B90C9}.Debug|x86.Build.0 = Debug|Win32
		{EA9D3C6E-E166-46E3-B28B-7377866B90C9}.Release|x64.ActiveCfg = Release|x64
		{EA9D3C6E-E166-46E3-B28B-7377866B90C9}.Release|x64.Build.0 = Release|x64
		{EA9D3C6E-E166-46E3-B28B-7377866B90C9}.Release|x86.ActiveCfg = Release|Win32
		{EA9D3C6E-E166-46E3-B28B-7377866B90C9}.Release|x86.Build.0 = Release|Win32
	EndGlobalSection
	GlobalSection(SolutionProperties) = preSolution
		HideSolutionNode = FALSE
	EndGlobalSection
	GlobalSection(ExtensibilityGlobals) = postSolution
		SolutionGuid = {40F5B664-109A-41E9-8EBA-7399B414FCDE}
	EndGlobalSection
EndGlobal
